
Microsoft Visual Studio Solution File, Format Version 12.00
# Blend for Visual Studio Version 16
VisualStudioVersion = 16.0.29613.14
MinimumVisualStudioVersion = 10.0.40219.1
Project("{FAE04EC0-301F-11D3-BF4B-00C04F79EFBC}") = "report", "report.csproj", "{B326C76F-1FD7-4F5C-A7EF-19F2BC1C3B1F}"
EndProject
Global
	GlobalSection(SolutionConfigurationPlatforms) = preSolution
		Debug|Any CPU = Debug|Any CPU
		Release|Any CPU = Release|Any CPU
	EndGlobalSection
	GlobalSection(ProjectConfigurationPlatforms) = postSolution
		{B326C76F-1FD7-4F5C-A7EF-19F2BC1C3B1F}.Debug|Any CPU.ActiveCfg = Debug|Any CPU
		{B326C76F-1FD7-4F5C-A7EF-19F2BC1C3B1F}.Debug|Any CPU.Build.0 = Debug|Any CPU
		{B326C76F-1FD7-4F5C-A7EF-19F2BC1C3B1F}.Release|Any CPU.ActiveCfg = Release|Any CPU
		{B326C76F-1FD7-4F5C-A7EF-19F2BC1C3B1F}.Release|Any CPU.Build.0 = Release|Any CPU
	EndGlobalSection
	GlobalSection(SolutionProperties) = preSolution
		HideSolutionNode = FALSE
	EndGlobalSection
	GlobalSection(ExtensibilityGlobals) = postSolution
		SolutionGuid = {97CDA247-C4FF-4FB1-8B81-B3343C5FFE12}
	EndGlobalSection
EndGlobal
